{
  "created": "2025-07-04T00:53:05.444836",
  "packages": {},
  "git_repos": {},
  "checksums": {},
  "modules": {
    "WorkspaceSetup": {
      "status": "success",
      "timestamp": "2025-07-04T01:01:03.068627",
      "version": "1.0"
    },
    "Debootstrap": {
      "status": "success",
      "timestamp": "2025-07-04T01:04:55.177415",
      "version": "unknown"
    }
  },
  "last_updated": "2025-07-04T01:04:55.178025"
}